
Microsoft Visual Studio Solution File, Format Version 12.00
# Visual Studio Version 17
VisualStudioVersion = 17.5.33627.172
MinimumVisualStudioVersion = 10.0.40219.1
Project("{FAE04EC0-301F-11D3-BF4B-00C04F79EFBC}") = "UniversidadFormsProyect", "UniversidadFormsProyect\UniversidadFormsProyect.csproj", "{3B9EC939-031C-4774-8D37-D3F82743AD09}"
EndProject
Global
	GlobalSection(SolutionConfigurationPlatforms) = preSolution
		Debug|Any CPU = Debug|Any CPU
		Release|Any CPU = Release|Any CPU
	EndGlobalSection
	GlobalSection(ProjectConfigurationPlatforms) = postSolution
		{3B9EC939-031C-4774-8D37-D3F82743AD09}.Debug|Any CPU.ActiveCfg = Debug|Any CPU
		{3B9EC939-031C-4774-8D37-D3F82743AD09}.Debug|Any CPU.Build.0 = Debug|Any CPU
		{3B9EC939-031C-4774-8D37-D3F82743AD09}.Release|Any CPU.ActiveCfg = Release|Any CPU
		{3B9EC939-031C-4774-8D37-D3F82743AD09}.Release|Any CPU.Build.0 = Release|Any CPU
	EndGlobalSection
	GlobalSection(SolutionProperties) = preSolution
		HideSolutionNode = FALSE
	EndGlobalSection
	GlobalSection(ExtensibilityGlobals) = postSolution
		SolutionGuid = {AE5C778D-651A-4FDE-ACFF-83CF5438D096}
	EndGlobalSection
EndGlobal
